
Microsoft Visual Studio Solution File, Format Version 12.00
# Visual Studio Version 16
VisualStudioVersion = 16.0.30517.126
MinimumVisualStudioVersion = 10.0.40219.1
Project("{FAE04EC0-301F-11D3-BF4B-00C04F79EFBC}") = "Gestionarea unei ferme", "Gestionarea unei ferme\Gestionarea unei ferme.csproj", "{E2DFC5E2-4310-4D1F-84F7-2781A051C9CC}"
EndProject
Global
	GlobalSection(SolutionConfigurationPlatforms) = preSolution
		Debug|Any CPU = Debug|Any CPU
		Release|Any CPU = Release|Any CPU
	EndGlobalSection
	GlobalSection(ProjectConfigurationPlatforms) = postSolution
		{E2DFC5E2-4310-4D1F-84F7-2781A051C9CC}.Debug|Any CPU.ActiveCfg = Debug|Any CPU
		{E2DFC5E2-4310-4D1F-84F7-2781A051C9CC}.Debug|Any CPU.Build.0 = Debug|Any CPU
		{E2DFC5E2-4310-4D1F-84F7-2781A051C9CC}.Release|Any CPU.ActiveCfg = Release|Any CPU
		{E2DFC5E2-4310-4D1F-84F7-2781A051C9CC}.Release|Any CPU.Build.0 = Release|Any CPU
	EndGlobalSection
	GlobalSection(SolutionProperties) = preSolution
		HideSolutionNode = FALSE
	EndGlobalSection
	GlobalSection(ExtensibilityGlobals) = postSolution
		SolutionGuid = {616F92A5-8A86-40FC-8700-59126F41C67B}
	EndGlobalSection
EndGlobal
